
Microsoft Visual Studio Solution File, Format Version 12.00
# Visual Studio Version 16
VisualStudioVersion = 16.0.31205.134
MinimumVisualStudioVersion = 10.0.40219.1
Project("{FAE04EC0-301F-11D3-BF4B-00C04F79EFBC}") = "publishgit", "publishgit\publishgit.csproj", "{26F166E5-6842-4176-B0BD-2704D162719B}"
EndProject
Global
	GlobalSection(SolutionConfigurationPlatforms) = preSolution
		Debug|Any CPU = Debug|Any CPU
		Release|Any CPU = Release|Any CPU
	EndGlobalSection
	GlobalSection(ProjectConfigurationPlatforms) = postSolution
		{26F166E5-6842-4176-B0BD-2704D162719B}.Debug|Any CPU.ActiveCfg = Debug|Any CPU
		{26F166E5-6842-4176-B0BD-2704D162719B}.Debug|Any CPU.Build.0 = Debug|Any CPU
		{26F166E5-6842-4176-B0BD-2704D162719B}.Release|Any CPU.ActiveCfg = Release|Any CPU
		{26F166E5-6842-4176-B0BD-2704D162719B}.Release|Any CPU.Build.0 = Release|Any CPU
	EndGlobalSection
	GlobalSection(SolutionProperties) = preSolution
		HideSolutionNode = FALSE
	EndGlobalSection
	GlobalSection(ExtensibilityGlobals) = postSolution
		SolutionGuid = {9AA3394E-65CD-41B8-BCA6-CE84728F6F70}
	EndGlobalSection
EndGlobal
